// !$*UTF8*$!
{
	archiveVersion = 1;
	classes = {
	};
	objectVersion = 50;
	objects = {

/* Begin PBXBuildFile section */
		B81764FB2465F60900B91F79 /* AppDelegate.m in Sources */ = {isa = PBXBuildFile; fileRef = B81764FA2465F60900B91F79 /* AppDelegate.m */; };
		B81764FE2465F60900B91F79 /* SceneDelegate.m in Sources */ = {isa = PBXBuildFile; fileRef = B81764FD2465F60900B91F79 /* SceneDelegate.m */; };
		B81765042465F60900B91F79 /* Main.storyboard in Resources */ = {isa = PBXBuildFile; fileRef = B81765022465F60900B91F79 /* Main.storyboard */; };
		B81765062465F60B00B91F79 /* Assets.xcassets in Resources */ = {isa = PBXBuildFile; fileRef = B81765052465F60B00B91F79 /* Assets.xcassets */; };
		B81765092465F60B00B91F79 /* LaunchScreen.storyboard in Resources */ = {isa = PBXBuildFile; fileRef = B81765072465F60B00B91F79 /* LaunchScreen.storyboard */; };
		B817650C2465F60B00B91F79 /* main.m in Sources */ = {isa = PBXBuildFile; fileRef = B817650B2465F60B00B91F79 /* main.m */; };
		B81765142465F64800B91F79 /* GameViewController.m in Sources */ = {isa = PBXBuildFile; fileRef = B81765132465F64800B91F79 /* GameViewController.m */; };
/* End PBXBuildFile section */

/* Begin PBXFileReference section */
		B81764F62465F60900B91F79 /* lesson8.app */ = {isa = PBXFileReference; explicitFileType = wrapper.application; includeInIndex = 0; path = lesson8.app; sourceTree = BUILT_PRODUCTS_DIR; };
		B81764F92465F60900B91F79 /* AppDelegate.h */ = {isa = PBXFileReference; lastKnownFileType = sourcecode.c.h; path = AppDelegate.h; sourceTree = "<group>"; };
		B81764FA2465F60900B91F79 /* AppDelegate.m */ = {isa = PBXFileReference; lastKnownFileType = sourcecode.c.objc; path = AppDelegate.m; sourceTree = "<group>"; };
		B81764FC2465F60900B91F79 /* SceneDelegate.h */ = {isa = PBXFileReference; lastKnownFileType = sourcecode.c.h; path = SceneDelegate.h; sourceTree = "<group>"; };
		B81764FD2465F60900B91F79 /* SceneDelegate.m */ = {isa = PBXFileReference; lastKnownFileType = sourcecode.c.objc; path = SceneDelegate.m; sourceTree = "<group>"; };
		B81765032465F60900B91F79 /* Base */ = {isa = PBXFileReference; lastKnownFileType = file.storyboard; name = Base; path = Base.lproj/Main.storyboard; sourceTree = "<group>"; };
		B81765052465F60B00B91F79 /* Assets.xcassets */ = {isa = PBXFileReference; lastKnownFileType = folder.assetcatalog; path = Assets.xcassets; sourceTree = "<group>"; };
		B81765082465F60B00B91F79 /* Base */ = {isa = PBXFileReference; lastKnownFileType = file.storyboard; name = Base; path = Base.lproj/LaunchScreen.storyboard; sourceTree = "<group>"; };
		B817650A2465F60B00B91F79 /* Info.plist */ = {isa = PBXFileReference; lastKnownFileType = text.plist.xml; path = Info.plist; sourceTree = "<group>"; };
		B817650B2465F60B00B91F79 /* main.m */ = {isa = PBXFileReference; lastKnownFileType = sourcecode.c.objc; path = main.m; sourceTree = "<group>"; };
		B81765122465F64800B91F79 /* GameViewController.h */ = {isa = PBXFileReference; lastKnownFileType = sourcecode.c.h; path = GameViewController.h; sourceTree = "<group>"; };
		B81765132465F64800B91F79 /* GameViewController.m */ = {isa = PBXFileReference; lastKnownFileType = sourcecode.c.objc; path = GameViewController.m; sourceTree = "<group>"; };
/* End PBXFileReference section */

/* Begin PBXFrameworksBuildPhase section */
		B81764F32465F60900B91F79 /* Frameworks */ = {
			isa = PBXFrameworksBuildPhase;
			buildActionMask = 2147483647;
			files = (
			);
			runOnlyForDeploymentPostprocessing = 0;
		};
/* End PBXFrameworksBuildPhase section */

/* Begin PBXGroup section */
		B81764ED2465F60900B91F79 = {
			isa = PBXGroup;
			children = (
				B81764F82465F60900B91F79 /* lesson7 */,
				B81764F72465F60900B91F79 /* Products */,
			);
			sourceTree = "<group>";
		};
		B81764F72465F60900B91F79 /* Products */ = {
			isa = PBXGroup;
			children = (
				B81764F62465F60900B91F79 /* lesson8.app */,
			);
			name = Products;
			sourceTree = "<group>";
		};
		B81764F82465F60900B91F79 /* lesson7 */ = {
			isa = PBXGroup;
			children = (
				B81764F92465F60900B91F79 /* AppDelegate.h */,
				B81764FA2465F60900B91F79 /* AppDelegate.m */,
				B81764FC2465F60900B91F79 /* SceneDelegate.h */,
				B81764FD2465F60900B91F79 /* SceneDelegate.m */,
				B81765022465F60900B91F79 /* Main.storyboard */,
				B81765122465F64800B91F79 /* GameViewController.h */,
				B81765132465F64800B91F79 /* GameViewController.m */,
				B81765052465F60B00B91F79 /* Assets.xcassets */,
				B81765072465F60B00B91F79 /* LaunchScreen.storyboard */,
				B817650A2465F60B00B91F79 /* Info.plist */,
				B817650B2465F60B00B91F79 /* main.m */,
			);
			path = lesson7;
			sourceTree = "<group>";
		};
/* End PBXGroup section */

/* Begin PBXNativeTarget section */
		B81764F52465F60900B91F79 /* lesson7 */ = {
			isa = PBXNativeTarget;
			buildConfigurationList = B817650F2465F60B00B91F79 /* Build configuration list for PBXNativeTarget "lesson7" */;
			buildPhases = (
				B81764F22465F60900B91F79 /* Sources */,
				B81764F32465F60900B91F79 /* Frameworks */,
				B81764F42465F60900B91F79 /* Resources */,
			);
			buildRules = (
			);
			dependencies = (
			);
			name = lesson7;
			productName = lesson7;
			productReference = B81764F62465F60900B91F79 /* lesson8.app */;
			productType = "com.apple.product-type.application";
		};
/* End PBXNativeTarget section */

/* Begin PBXProject section */
		B81764EE2465F60900B91F79 /* Project object */ = {
			isa = PBXProject;
			attributes = {
				LastUpgradeCheck = 1140;
				ORGANIZATIONNAME = "Ksenia Lukoshkina";
				TargetAttributes = {
					B81764F52465F60900B91F79 = {
						CreatedOnToolsVersion = 11.4.1;
					};
				};
			};
			buildConfigurationList = B81764F12465F60900B91F79 /* Build configuration list for PBXProject "lesson7" */;
			compatibilityVersion = "Xcode 9.3";
			developmentRegion = en;
			hasScannedForEncodings = 0;
			knownRegions = (
				en,
				Base,
			);
			mainGroup = B81764ED2465F60900B91F79;
			productRefGroup = B81764F72465F60900B91F79 /* Products */;
			projectDirPath = "";
			projectRoot = "";
			targets = (
				B81764F52465F60900B91F79 /* lesson7 */,
			);
		};
/* End PBXProject section */

/* Begin PBXResourcesBuildPhase section */
		B81764F42465F60900B91F79 /* Resources */ = {
			isa = PBXResourcesBuildPhase;
			buildActionMask = 2147483647;
			files = (
				B81765092465F60B00B91F79 /* LaunchScreen.storyboard in Resources */,
				B81765062465F60B00B91F79 /* Assets.xcassets in Resources */,
				B81765042465F60900B91F79 /* Main.storyboard in Resources */,
			);
			runOnlyForDeploymentPostprocessing = 0;
		};
/* End PBXResourcesBuildPhase section */

/* Begin PBXSourcesBuildPhase section */
		B81764F22465F60900B91F79 /* Sources */ = {
			isa = PBXSourcesBuildPhase;
			buildActionMask = 2147483647;
			files = (
				B81765142465F64800B91F79 /* GameViewController.m in Sources */,
				B81764FB2465F60900B91F79 /* AppDelegate.m in Sources */,
				B817650C2465F60B00B91F79 /* main.m in Sources */,
				B81764FE2465F60900B91F79 /* SceneDelegate.m in Sources */,
			);
			runOnlyForDeploymentPostprocessing = 0;
		};
/* End PBXSourcesBuildPhase section */

/* Begin PBXVariantGroup section */
		B81765022465F60900B91F79 /* Main.storyboard */ = {
			isa = PBXVariantGroup;
			children = (
				B81765032465F60900B91F79 /* Base */,
			);
			name = Main.storyboard;
			sourceTree = "<group>";
		};
		B81765072465F60B00B91F79 /* LaunchScreen.storyboard */ = {
			isa = PBXVariantGroup;
			children = (
				B81765082465F60B00B91F79 /* Base */,
			);
			name = LaunchScreen.storyboard;
			sourceTree = "<group>";
		};
/* End PBXVariantGroup section */

/* Begin XCBuildConfiguration section */
		B817650D2465F60B00B91F79 /* Debug */ = {
			isa = XCBuildConfiguration;
			buildSettings = {
				ALWAYS_SEARCH_USER_PATHS = NO;
				CLANG_ANALYZER_NONNULL = YES;
				CLANG_ANALYZER_NUMBER_OBJECT_CONVERSION = YES_AGGRESSIVE;
				CLANG_CXX_LANGUAGE_STANDARD = "gnu++14";
				CLANG_CXX_LIBRARY = "libc++";
				CLANG_ENABLE_MODULES = YES;
				CLANG_ENABLE_OBJC_ARC = YES;
				CLANG_ENABLE_OBJC_WEAK = YES;
				CLANG_WARN_BLOCK_CAPTURE_AUTORELEASING = YES;
				CLANG_WARN_BOOL_CONVERSION = YES;
				CLANG_WARN_COMMA = YES;
				CLANG_WARN_CONSTANT_CONVERSION = YES;
				CLANG_WARN_DEPRECATED_OBJC_IMPLEMENTATIONS = YES;
				CLANG_WARN_DIRECT_OBJC_ISA_USAGE = YES_ERROR;
				CLANG_WARN_DOCUMENTATION_COMMENTS = YES;
				CLANG_WARN_EMPTY_BODY = YES;
				CLANG_WARN_ENUM_CONVERSION = YES;
				CLANG_WARN_INFINITE_RECURSION = YES;
				CLANG_WARN_INT_CONVERSION = YES;
				CLANG_WARN_NON_LITERAL_NULL_CONVERSION = YES;
				CLANG_WARN_OBJC_IMPLICIT_RETAIN_SELF = YES;
				CLANG_WARN_OBJC_LITERAL_CONVERSION = YES;
				CLANG_WARN_OBJC_ROOT_CLASS = YES_ERROR;
				CLANG_WARN_RANGE_LOOP_ANALYSIS = YES;
				CLANG_WARN_STRICT_PROTOTYPES = YES;
				CLANG_WARN_SUSPICIOUS_MOVE = YES;
				CLANG_WARN_UNGUARDED_AVAILABILITY = YES_AGGRESSIVE;
				CLANG_WARN_UNREACHABLE_CODE = YES;
				CLANG_WARN__DUPLICATE_METHOD_MATCH = YES;
				COPY_PHASE_STRIP = NO;
				DEBUG_INFORMATION_FORMAT = dwarf;
				ENABLE_STRICT_OBJC_MSGSEND = YES;
				ENABLE_TESTABILITY = YES;
				GCC_C_LANGUAGE_STANDARD = gnu11;
				GCC_DYNAMIC_NO_PIC = NO;
				GCC_NO_COMMON_BLOCKS = YES;
				GCC_OPTIMIZATION_LEVEL = 0;
				GCC_PREPROCESSOR_DEFINITIONS = (
					"DEBUG=1",
					"$(inherited)",
				);
				GCC_WARN_64_TO_32_BIT_CONVERSION = YES;
				GCC_WARN_ABOUT_RETURN_TYPE = YES_ERROR;
				GCC_WARN_UNDECLARED_SELECTOR = YES;
				GCC_WARN_UNINITIALIZED_AUTOS = YES_AGGRESSIVE;
				GCC_WARN_UNUSED_FUNCTION = YES;
				GCC_WARN_UNUSED_VARIABLE = YES;
				IPHONEOS_DEPLOYMENT_TARGET = 13.4;
				MTL_ENABLE_DEBUG_INFO = INCLUDE_SOURCE;
				MTL_FAST_MATH = YES;
				ONLY_ACTIVE_ARCH = YES;
				SDKROOT = iphoneos;
			};
			name = Debug;
		};
		B817650E2465F60B00B91F79 /* Release */ = {
			isa = XCBuildConfiguration;
			buildSettings = {
				ALWAYS_SEARCH_USER_PATHS = NO;
				CLANG_ANALYZER_NONNULL = YES;
				CLANG_ANALYZER_NUMBER_OBJECT_CONVERSION = YES_AGGRESSIVE;
				CLANG_CXX_LANGUAGE_STANDARD = "gnu++14";
				CLANG_CXX_LIBRARY = "libc++";
				CLANG_ENABLE_MODULES = YES;
				CLANG_ENABLE_OBJC_ARC = YES;
				CLANG_ENABLE_OBJC_WEAK = YES;
				CLANG_WARN_BLOCK_CAPTURE_AUTORELEASING = YES;
				CLANG_WARN_BOOL_CONVERSION = YES;
				CLANG_WARN_COMMA = YES;
				CLANG_WARN_CONSTANT_CONVERSION = YES;
				CLANG_WARN_DEPRECATED_OBJC_IMPLEMENTATIONS = YES;
				CLANG_WARN_DIRECT_OBJC_ISA_USAGE = YES_ERROR;
				CLANG_WARN_DOCUMENTATION_COMMENTS = YES;
				CLANG_WARN_EMPTY_BODY = YES;
				CLANG_WARN_ENUM_CONVERSION = YES;
				CLANG_WARN_INFINITE_RECURSION = YES;
				CLANG_WARN_INT_CONVERSION = YES;
				CLANG_WARN_NON_LITERAL_NULL_CONVERSION = YES;
				CLANG_WARN_OBJC_IMPLICIT_RETAIN_SELF = YES;
				CLANG_WARN_OBJC_LITERAL_CONVERSION = YES;
				CLANG_WARN_OBJC_ROOT_CLASS = YES_ERROR;
				CLANG_WARN_RANGE_LOOP_ANALYSIS = YES;
				CLANG_WARN_STRICT_PROTOTYPES = YES;
				CLANG_WARN_SUSPICIOUS_MOVE = YES;
				CLANG_WARN_UNGUARDED_AVAILABILITY = YES_AGGRESSIVE;
				CLANG_WARN_UNREACHABLE_CODE = YES;
				CLANG_WARN__DUPLICATE_METHOD_MATCH = YES;
				COPY_PHASE_STRIP = NO;
				DEBUG_INFORMATION_FORMAT = "dwarf-with-dsym";
				ENABLE_NS_ASSERTIONS = NO;
				ENABLE_STRICT_OBJC_MSGSEND = YES;
				GCC_C_LANGUAGE_STANDARD = gnu11;
				GCC_NO_COMMON_BLOCKS = YES;
				GCC_WARN_64_TO_32_BIT_CONVERSION = YES;
				GCC_WARN_ABOUT_RETURN_TYPE = YES_ERROR;
				GCC_WARN_UNDECLARED_SELECTOR = YES;
				GCC_WARN_UNINITIALIZED_AUTOS = YES_AGGRESSIVE;
				GCC_WARN_UNUSED_FUNCTION = YES;
				GCC_WARN_UNUSED_VARIABLE = YES;
				IPHONEOS_DEPLOYMENT_TARGET = 13.4;
				MTL_ENABLE_DEBUG_INFO = NO;
				MTL_FAST_MATH = YES;
				SDKROOT = iphoneos;
				VALIDATE_PRODUCT = YES;
			};
			name = Release;
		};
		B81765102465F60B00B91F79 /* Debug */ = {
			isa = XCBuildConfiguration;
			buildSettings = {
				ASSETCATALOG_COMPILER_APPICON_NAME = AppIcon;
				CODE_SIGN_STYLE = Automatic;
				DEVELOPMENT_TEAM = MN5SDDPV9R;
				INFOPLIST_FILE = lesson7/Info.plist;
				IPHONEOS_DEPLOYMENT_TARGET = 13.1;
				LD_RUNPATH_SEARCH_PATHS = (
					"$(inherited)",
					"@executable_path/Frameworks",
				);
				PRODUCT_BUNDLE_IDENTIFIER = kl.lesson8;
				PRODUCT_NAME = lesson8;
				TARGETED_DEVICE_FAMILY = "1,2";
			};
			name = Debug;
		};
		B81765112465F60B00B91F79 /* Release */ = {
			isa = XCBuildConfiguration;
			buildSettings = {
				ASSETCATALOG_COMPILER_APPICON_NAME = AppIcon;
				CODE_SIGN_STYLE = Automatic;
				DEVELOPMENT_TEAM = MN5SDDPV9R;
				INFOPLIST_FILE = lesson7/Info.plist;
				IPHONEOS_DEPLOYMENT_TARGET = 13.1;
				LD_RUNPATH_SEARCH_PATHS = (
					"$(inherited)",
					"@executable_path/Frameworks",
				);
				PRODUCT_BUNDLE_IDENTIFIER = kl.lesson8;
				PRODUCT_NAME = lesson8;
				TARGETED_DEVICE_FAMILY = "1,2";
			};
			name = Release;
		};
/* End XCBuildConfiguration section */

/* Begin XCConfigurationList section */
		B81764F12465F60900B91F79 /* Build configuration list for PBXProject "lesson7" */ = {
			isa = XCConfigurationList;
			buildConfigurations = (
				B817650D2465F60B00B91F79 /* Debug */,
				B817650E2465F60B00B91F79 /* Release */,
			);
			defaultConfigurationIsVisible = 0;
			defaultConfigurationName = Release;
		};
		B817650F2465F60B00B91F79 /* Build configuration list for PBXNativeTarget "lesson7" */ = {
			isa = XCConfigurationList;
			buildConfigurations = (
				B81765102465F60B00B91F79 /* Debug */,
				B81765112465F60B00B91F79 /* Release */,
			);
			defaultConfigurationIsVisible = 0;
			defaultConfigurationName = Release;
		};
/* End XCConfigurationList section */
	};
	rootObject = B81764EE2465F60900B91F79 /* Project object */;
}
